{
	"name": "@jsonforms/vue",
	"version": "3.0.0-rc.1",
	"lockfileVersion": 1,
	"requires": true,
	"dependencies": {
		"@vue/test-utils": {
			"version": "2.0.2",
			"resolved": "https://registry.npmjs.org/@vue/test-utils/-/test-utils-2.0.2.tgz",
			"integrity": "sha512-E2P4oXSaWDqTZNbmKZFVLrNN/siVN78YkEqs7pHryWerrlZR9bBFLWdJwRoguX45Ru6HxIflzKl4vQvwRMwm5g==",
			"dev": true
		},
		"core-js": {
			"version": "3.20.0",
			"resolved": "https://registry.npmjs.org/core-js/-/core-js-3.20.0.tgz",
			"integrity": "sha512-KjbKU7UEfg4YPpskMtMXPhUKn7m/1OdTHTVjy09ScR2LVaoUXe8Jh0UdvN2EKUR6iKTJph52SJP95mAB0MnVLQ==",
			"dev": true
		},
		"rollup-plugin-vue": {
			"version": "6.0.0",
			"resolved": "https://registry.npmjs.org/rollup-plugin-vue/-/rollup-plugin-vue-6.0.0.tgz",
			"integrity": "sha512-oVvUd84d5u73M2HYM3XsMDLtZRIA/tw2U0dmHlXU2UWP5JARYHzh/U9vcxaN/x/9MrepY7VH3pHFeOhrWpxs/Q==",
			"dev": true,
			"requires": {
				"debug": "^4.1.1",
				"hash-sum": "^2.0.0",
				"rollup-pluginutils": "^2.8.2"
			},
			"dependencies": {
				"debug": {
					"version": "4.3.3",
					"resolved": "https://registry.npmjs.org/debug/-/debug-4.3.3.tgz",
					"integrity": "sha512-/zxw5+vh1Tfv+4Qn7a5nsbcJKPaSvCDhojn6FEl9vupwK2VCSDtEiEtqr8DFtzYFOdz63LBkxec7DYuc2jon6Q==",
					"dev": true,
					"requires": {
						"ms": "2.1.2"
					}
				},
				"estree-walker": {
					"version": "0.6.1",
					"resolved": "https://registry.npmjs.org/estree-walker/-/estree-walker-0.6.1.tgz",
					"integrity": "sha512-SqmZANLWS0mnatqbSfRP5g8OXZC12Fgg1IwNtLsyHDzJizORW4khDfjPqJZsemPWBB2uqykUah5YpQ6epsqC/w==",
					"dev": true
				},
				"hash-sum": {
					"version": "2.0.0",
					"resolved": "https://registry.npmjs.org/hash-sum/-/hash-sum-2.0.0.tgz",
					"integrity": "sha512-WdZTbAByD+pHfl/g9QSsBIIwy8IT+EsPiKDs0KNX+zSHhdDLFKdZu0BQHljvO+0QI/BasbMSUa8wYNCZTvhslg==",
					"dev": true
				},
				"ms": {
					"version": "2.1.2",
					"resolved": "https://registry.npmjs.org/ms/-/ms-2.1.2.tgz",
					"integrity": "sha512-sGkPx+VjMtmA6MX27oA4FBFELFCZZ4S4XqeGOXCv68tT+jb3vk/RyaKWP0PTKyWtmLSM0b+adUTEvbs1PEaH2w==",
					"dev": true
				},
				"rollup-pluginutils": {
					"version": "2.8.2",
					"resolved": "https://registry.npmjs.org/rollup-pluginutils/-/rollup-pluginutils-2.8.2.tgz",
					"integrity": "sha512-EEp9NhnUkwY8aif6bxgovPHMoMoNr2FulJziTndpt5H9RdwC47GSGuII9XxpSdzVGM0GWrNPHV6ie1LTNJPaLQ==",
					"dev": true,
					"requires": {
						"estree-walker": "^0.6.1"
					}
				}
			}
		}
	}
}
