{
	"name": "vue3-meta",
	"requires": true,
	"lockfileVersion": 1,
	"dependencies": {
		"vue": {
			"version": "3.0.7",
			"resolved": "https://registry.npmjs.org/vue/-/vue-3.0.7.tgz",
			"integrity": "sha512-8h4TikD+JabbMK9aRlBO4laG0AtNHRPHynxYgWZ9sq1YUPfzynd9Jeeb27XNyZytC7aCQRX9xe1+TQJuc181Tw==",
			"dev": true,
			"requires": {
				"@vue/compiler-dom": "3.0.7",
				"@vue/runtime-dom": "3.0.7",
				"@vue/shared": "3.0.7"
			},
			"dependencies": {
				"@babel/helper-validator-identifier": {
					"version": "7.12.11",
					"resolved": "https://registry.npmjs.org/@babel/helper-validator-identifier/-/helper-validator-identifier-7.12.11.tgz",
					"integrity": "sha512-np/lG3uARFybkoHokJUmf1QfEvRVCPbmQeUQpKow5cQ3xWrV9i3rUHodKDJPQfTVX61qKi+UdYk8kik84n7XOw==",
					"dev": true
				},
				"@babel/parser": {
					"version": "7.13.16",
					"resolved": "https://registry.npmjs.org/@babel/parser/-/parser-7.13.16.tgz",
					"integrity": "sha512-6bAg36mCwuqLO0hbR+z7PHuqWiCeP7Dzg73OpQwsAB1Eb8HnGEz5xYBzCfbu+YjoaJsJs+qheDxVAuqbt3ILEw==",
					"dev": true
				},
				"@babel/types": {
					"version": "7.13.17",
					"resolved": "https://registry.npmjs.org/@babel/types/-/types-7.13.17.tgz",
					"integrity": "sha512-RawydLgxbOPDlTLJNtoIypwdmAy//uQIzlKt2+iBiJaRlVuI6QLUxVAyWGNfOzp8Yu4L4lLIacoCyTNtpb4wiA==",
					"dev": true,
					"requires": {
						"@babel/helper-validator-identifier": "^7.12.11",
						"to-fast-properties": "^2.0.0"
					}
				},
				"@vue/compiler-core": {
					"version": "3.0.7",
					"resolved": "https://registry.npmjs.org/@vue/compiler-core/-/compiler-core-3.0.7.tgz",
					"integrity": "sha512-JFohgBXoyUc3mdeI2WxlhjQZ5fakfemJkZHX8Gu/nFbEg3+lKVUZmNKWmmnp9aOzJQZKoj77LjmFxiP+P+7lMQ==",
					"dev": true,
					"requires": {
						"@babel/parser": "^7.12.0",
						"@babel/types": "^7.12.0",
						"@vue/shared": "3.0.7",
						"estree-walker": "^2.0.1",
						"source-map": "^0.6.1"
					}
				},
				"@vue/compiler-dom": {
					"version": "3.0.7",
					"resolved": "https://registry.npmjs.org/@vue/compiler-dom/-/compiler-dom-3.0.7.tgz",
					"integrity": "sha512-VnIH9EbWQm/Tkcp+8dCaNVsVvhm/vxCrIKWRkXY9215hTqOqQOvejT8IMjd2kc++nIsYMsdQk6H9qqBvoLe/Cw==",
					"dev": true,
					"requires": {
						"@vue/compiler-core": "3.0.7",
						"@vue/shared": "3.0.7"
					}
				},
				"@vue/reactivity": {
					"version": "3.0.7",
					"resolved": "https://registry.npmjs.org/@vue/reactivity/-/reactivity-3.0.7.tgz",
					"integrity": "sha512-FotWcNNaKhqpFZrdgsUOZ1enlJ5lhTt01CNTtLSyK7jYFgZBTuw8vKsEutZKDYZ1XKotOfoeO8N3pZQqmM6Etw==",
					"dev": true,
					"requires": {
						"@vue/shared": "3.0.7"
					}
				},
				"@vue/runtime-core": {
					"version": "3.0.7",
					"resolved": "https://registry.npmjs.org/@vue/runtime-core/-/runtime-core-3.0.7.tgz",
					"integrity": "sha512-DBAZAwVvdmMXuyd6/9qqj/kYr/GaLTmn1L2/QLxLwP+UfhIboiTSBc/tUUb8MRk7Bb98GzNeAWkkT6AfooS3dQ==",
					"dev": true,
					"requires": {
						"@vue/reactivity": "3.0.7",
						"@vue/shared": "3.0.7"
					}
				},
				"@vue/runtime-dom": {
					"version": "3.0.7",
					"resolved": "https://registry.npmjs.org/@vue/runtime-dom/-/runtime-dom-3.0.7.tgz",
					"integrity": "sha512-Oij4ruOtnpQpCj+/Q3JPzgpTJ1Q7+N67pA53A8KVITEtxfvKL46NN6dhAZ5NGqwX6RWZpYqWQNewITeF0pHr8g==",
					"dev": true,
					"requires": {
						"@vue/runtime-core": "3.0.7",
						"@vue/shared": "3.0.7",
						"csstype": "^2.6.8"
					}
				},
				"@vue/shared": {
					"version": "3.0.7",
					"resolved": "https://registry.npmjs.org/@vue/shared/-/shared-3.0.7.tgz",
					"integrity": "sha512-dn5FyfSc4ky424jH4FntiHno7Ss5yLkqKNmM/NXwANRnlkmqu74pnGetexDFVG5phMk9/FhwovUZCWGxsotVKg==",
					"dev": true
				},
				"csstype": {
					"version": "2.6.17",
					"resolved": "https://registry.npmjs.org/csstype/-/csstype-2.6.17.tgz",
					"integrity": "sha512-u1wmTI1jJGzCJzWndZo8mk4wnPTZd1eOIYTYvuEyOQGfmDl3TrabCCfKnOC86FZwW/9djqTl933UF/cS425i9A==",
					"dev": true
				},
				"estree-walker": {
					"version": "2.0.2",
					"resolved": "https://registry.npmjs.org/estree-walker/-/estree-walker-2.0.2.tgz",
					"integrity": "sha512-Rfkk/Mp/DL7JVje3u18FxFujQlTNR2q6QfMSMB7AvCBx91NGj/ba3kCfza0f6dVDbw7YlRf/nDrn7pQrCCyQ/w==",
					"dev": true
				},
				"source-map": {
					"version": "0.6.1",
					"resolved": "https://registry.npmjs.org/source-map/-/source-map-0.6.1.tgz",
					"integrity": "sha512-UjgapumWlbMhkBgzT7Ykc5YXUT46F0iKu8SGXq0bcwP5dz/h0Plj6enJqjz1Zbq2l5WaqYnrVbwWOWMyF3F47g==",
					"dev": true
				},
				"to-fast-properties": {
					"version": "2.0.0",
					"resolved": "https://registry.npmjs.org/to-fast-properties/-/to-fast-properties-2.0.0.tgz",
					"integrity": "sha1-3F5pjL0HkmW8c+A3doGk5Og/YW4=",
					"dev": true
				}
			}
		}
	}
}
