{
	"name": "@jsonforms/vue",
	"version": "2.5.0-alpha.1",
	"lockfileVersion": 1,
	"requires": true,
	"dependencies": {
		"rollup-plugin-vue": {
			"version": "6.0.0",
			"resolved": "https://registry.npmjs.org/rollup-plugin-vue/-/rollup-plugin-vue-6.0.0.tgz",
			"integrity": "sha512-oVvUd84d5u73M2HYM3XsMDLtZRIA/tw2U0dmHlXU2UWP5JARYHzh/U9vcxaN/x/9MrepY7VH3pHFeOhrWpxs/Q==",
			"dev": true,
			"requires": {
				"debug": "^4.1.1",
				"hash-sum": "^2.0.0",
				"rollup-pluginutils": "^2.8.2"
			},
			"dependencies": {
				"debug": {
					"version": "4.3.1",
					"resolved": "https://registry.npmjs.org/debug/-/debug-4.3.1.tgz",
					"integrity": "sha512-doEwdvm4PCeK4K3RQN2ZC2BYUBaxwLARCqZmMjtF8a51J2Rb0xpVloFRnCODwqjpwnAoao4pelN8l3RJdv3gRQ==",
					"dev": true,
					"requires": {
						"ms": "2.1.2"
					}
				},
				"estree-walker": {
					"version": "0.6.1",
					"resolved": "https://registry.npmjs.org/estree-walker/-/estree-walker-0.6.1.tgz",
					"integrity": "sha512-SqmZANLWS0mnatqbSfRP5g8OXZC12Fgg1IwNtLsyHDzJizORW4khDfjPqJZsemPWBB2uqykUah5YpQ6epsqC/w==",
					"dev": true
				},
				"hash-sum": {
					"version": "2.0.0",
					"resolved": "https://registry.npmjs.org/hash-sum/-/hash-sum-2.0.0.tgz",
					"integrity": "sha512-WdZTbAByD+pHfl/g9QSsBIIwy8IT+EsPiKDs0KNX+zSHhdDLFKdZu0BQHljvO+0QI/BasbMSUa8wYNCZTvhslg==",
					"dev": true
				},
				"ms": {
					"version": "2.1.2",
					"resolved": "https://registry.npmjs.org/ms/-/ms-2.1.2.tgz",
					"integrity": "sha512-sGkPx+VjMtmA6MX27oA4FBFELFCZZ4S4XqeGOXCv68tT+jb3vk/RyaKWP0PTKyWtmLSM0b+adUTEvbs1PEaH2w==",
					"dev": true
				},
				"rollup-pluginutils": {
					"version": "2.8.2",
					"resolved": "https://registry.npmjs.org/rollup-pluginutils/-/rollup-pluginutils-2.8.2.tgz",
					"integrity": "sha512-EEp9NhnUkwY8aif6bxgovPHMoMoNr2FulJziTndpt5H9RdwC47GSGuII9XxpSdzVGM0GWrNPHV6ie1LTNJPaLQ==",
					"dev": true,
					"requires": {
						"estree-walker": "^0.6.1"
					}
				}
			}
		},
		"vue": {
			"version": "3.0.4",
			"resolved": "https://registry.npmjs.org/vue/-/vue-3.0.4.tgz",
			"integrity": "sha512-2o+AiQF8sAupyhbyl3oxVCl3WCwC/n5NI7VMM+gVQ231qvSB8eI7sCBloloqDJK6yA367EEtmRSeSCf4sxCC+A==",
			"dev": true,
			"requires": {
				"@vue/compiler-dom": "3.0.4",
				"@vue/runtime-dom": "3.0.4",
				"@vue/shared": "3.0.4"
			},
			"dependencies": {
				"@babel/helper-validator-identifier": {
					"version": "7.10.4",
					"resolved": "https://registry.npmjs.org/@babel/helper-validator-identifier/-/helper-validator-identifier-7.10.4.tgz",
					"integrity": "sha512-3U9y+43hz7ZM+rzG24Qe2mufW5KhvFg/NhnNph+i9mgCtdTCtMJuI1TMkrIUiK7Ix4PYlRF9I5dhqaLYA/ADXw==",
					"dev": true
				},
				"@babel/parser": {
					"version": "7.12.7",
					"resolved": "https://registry.npmjs.org/@babel/parser/-/parser-7.12.7.tgz",
					"integrity": "sha512-oWR02Ubp4xTLCAqPRiNIuMVgNO5Aif/xpXtabhzW2HWUD47XJsAB4Zd/Rg30+XeQA3juXigV7hlquOTmwqLiwg==",
					"dev": true
				},
				"@babel/types": {
					"version": "7.12.7",
					"resolved": "https://registry.npmjs.org/@babel/types/-/types-7.12.7.tgz",
					"integrity": "sha512-MNyI92qZq6jrQkXvtIiykvl4WtoRrVV9MPn+ZfsoEENjiWcBQ3ZSHrkxnJWgWtLX3XXqX5hrSQ+X69wkmesXuQ==",
					"dev": true,
					"requires": {
						"@babel/helper-validator-identifier": "^7.10.4",
						"lodash": "^4.17.19",
						"to-fast-properties": "^2.0.0"
					}
				},
				"@vue/compiler-core": {
					"version": "3.0.4",
					"resolved": "https://registry.npmjs.org/@vue/compiler-core/-/compiler-core-3.0.4.tgz",
					"integrity": "sha512-snpMICsbWTZqBFnPB03qr4DtiSxVYfDF3DvbDSkN9Z9NTM8Chl8E/lYhKBSsvauq91DAWAh8PU3lr9vrLyQsug==",
					"dev": true,
					"requires": {
						"@babel/parser": "^7.12.0",
						"@babel/types": "^7.12.0",
						"@vue/shared": "3.0.4",
						"estree-walker": "^2.0.1",
						"source-map": "^0.6.1"
					}
				},
				"@vue/compiler-dom": {
					"version": "3.0.4",
					"resolved": "https://registry.npmjs.org/@vue/compiler-dom/-/compiler-dom-3.0.4.tgz",
					"integrity": "sha512-FOxbHBIkkGjYQeTz1DlXQjS1Ms8EPXQWsdTdTPeohoS0KzCz6RiOjiAG+jLtMi6Nr5GX2h0TlCvcnI8mcsicFQ==",
					"dev": true,
					"requires": {
						"@vue/compiler-core": "3.0.4",
						"@vue/shared": "3.0.4"
					}
				},
				"@vue/reactivity": {
					"version": "3.0.4",
					"resolved": "https://registry.npmjs.org/@vue/reactivity/-/reactivity-3.0.4.tgz",
					"integrity": "sha512-AFTABrLhUYZY2on3ea9FxeXal7w3f6qIp9gT+/oG93H7dFTL5LvVnxygCopv7tvkIl/GSGQb/yK1D1gmXx1Pww==",
					"dev": true,
					"requires": {
						"@vue/shared": "3.0.4"
					}
				},
				"@vue/runtime-core": {
					"version": "3.0.4",
					"resolved": "https://registry.npmjs.org/@vue/runtime-core/-/runtime-core-3.0.4.tgz",
					"integrity": "sha512-qH9e4kqU7b3u1JewvLmGmoAGY+mnuBqz7aEKb2mhpEgwa1yFv496BRuUfMXXMCix3+TndUVMJ8jt41FSdNppwg==",
					"dev": true,
					"requires": {
						"@vue/reactivity": "3.0.4",
						"@vue/shared": "3.0.4"
					}
				},
				"@vue/runtime-dom": {
					"version": "3.0.4",
					"resolved": "https://registry.npmjs.org/@vue/runtime-dom/-/runtime-dom-3.0.4.tgz",
					"integrity": "sha512-BGIoiTSESzWUhN0Ofi2X/q+HN8f6IUFmUEyyBGKbmx7DTAJNZhFfjqsepfXQrM5IGeTfJLB1ZEVyroDQJNXq3g==",
					"dev": true,
					"requires": {
						"@vue/runtime-core": "3.0.4",
						"@vue/shared": "3.0.4",
						"csstype": "^2.6.8"
					}
				},
				"@vue/shared": {
					"version": "3.0.4",
					"resolved": "https://registry.npmjs.org/@vue/shared/-/shared-3.0.4.tgz",
					"integrity": "sha512-Swfbz31AaMX48CpFl+YmIrqOH9MgJMTrltG9e26A4ZxYx9LjGuMV+41WnxFzS3Bc9nbrc6sDPM37G6nIT8NJSg==",
					"dev": true
				},
				"csstype": {
					"version": "2.6.14",
					"resolved": "https://registry.npmjs.org/csstype/-/csstype-2.6.14.tgz",
					"integrity": "sha512-2mSc+VEpGPblzAxyeR+vZhJKgYg0Og0nnRi7pmRXFYYxSfnOnW8A5wwQb4n4cE2nIOzqKOAzLCaEX6aBmNEv8A==",
					"dev": true
				},
				"estree-walker": {
					"version": "2.0.2",
					"resolved": "https://registry.npmjs.org/estree-walker/-/estree-walker-2.0.2.tgz",
					"integrity": "sha512-Rfkk/Mp/DL7JVje3u18FxFujQlTNR2q6QfMSMB7AvCBx91NGj/ba3kCfza0f6dVDbw7YlRf/nDrn7pQrCCyQ/w==",
					"dev": true
				},
				"lodash": {
					"version": "4.17.20",
					"resolved": "https://registry.npmjs.org/lodash/-/lodash-4.17.20.tgz",
					"integrity": "sha512-PlhdFcillOINfeV7Ni6oF1TAEayyZBoZ8bcshTHqOYJYlrqzRK5hagpagky5o4HfCzzd1TRkXPMFq6cKk9rGmA==",
					"dev": true
				},
				"source-map": {
					"version": "0.6.1",
					"resolved": "https://registry.npmjs.org/source-map/-/source-map-0.6.1.tgz",
					"integrity": "sha512-UjgapumWlbMhkBgzT7Ykc5YXUT46F0iKu8SGXq0bcwP5dz/h0Plj6enJqjz1Zbq2l5WaqYnrVbwWOWMyF3F47g==",
					"dev": true
				},
				"to-fast-properties": {
					"version": "2.0.0",
					"resolved": "https://registry.npmjs.org/to-fast-properties/-/to-fast-properties-2.0.0.tgz",
					"integrity": "sha1-3F5pjL0HkmW8c+A3doGk5Og/YW4=",
					"dev": true
				}
			}
		}
	}
}
