{
	"requires": true,
	"lockfileVersion": 1,
	"dependencies": {
		"rxjs": {
			"version": "6.4.0",
			"resolved": "https://registry.npmjs.org/rxjs/-/rxjs-6.4.0.tgz",
			"integrity": "sha512-Z9Yfa11F6B9Sg/BK9MnqnQ+aQYicPLtilXBp2yUtDt2JRCE0h26d33EnfO3ZxoNxG0T92OUucP3Ct7cpfkdFfw==",
			"requires": {
				"tslib": "^1.9.0"
			},
			"dependencies": {
				"tslib": {
					"version": "1.9.3",
					"resolved": "https://registry.npmjs.org/tslib/-/tslib-1.9.3.tgz",
					"integrity": "sha512-4krF8scpejhaOgqzBEcGM7yDIEfi0/8+8zDRZhNZZ2kjmHJ4hv3zCbQWxoJGz1iw5U0Jl0nma13xzHXcncMavQ=="
				}
			}
		}
	}
}
