{
	"requires": true,
	"lockfileVersion": 1,
	"dependencies": {
		"@webcomponents/webcomponentsjs": {
			"version": "1.1.0",
			"resolved": "https://registry.npmjs.org/@webcomponents/webcomponentsjs/-/webcomponentsjs-1.1.0.tgz",
			"integrity": "sha512-7toNyVlrl7vJnY3PU0eXIK1KWq8phfnEe1IwOdCMxkIl/BfUkUB2aaVs45R0LSx1qxHRnkqj0vlGtskUvKkNkA=="
		},
		"abab": {
			"version": "1.0.4",
			"resolved": "https://registry.npmjs.org/abab/-/abab-1.0.4.tgz",
			"integrity": "sha1-X6rZwsB/YN12dw9xzwJbYqY8/U4="
		},
		"acorn": {
			"version": "5.5.3",
			"resolved": "https://registry.npmjs.org/acorn/-/acorn-5.5.3.tgz",
			"integrity": "sha512-jd5MkIUlbbmb07nXH0DT3y7rDVtkzDi4XZOUVWAer8ajmF/DTSSbl5oNFyDOl/OXA33Bl79+ypHhl2pN20VeOQ=="
		},
		"acorn-globals": {
			"version": "4.1.0",
			"resolved": "https://registry.npmjs.org/acorn-globals/-/acorn-globals-4.1.0.tgz",
			"integrity": "sha512-KjZwU26uG3u6eZcfGbTULzFcsoz6pegNKtHPksZPOUsiKo5bUmiBPa38FuHZ/Eun+XYh/JCCkS9AS3Lu4McQOQ==",
			"requires": {
				"acorn": "5.5.3"
			}
		},
		"ajv": {
			"version": "5.5.2",
			"resolved": "https://registry.npmjs.org/ajv/-/ajv-5.5.2.tgz",
			"integrity": "sha1-c7Xuyj+rZT49P5Qis0GtQiBdyWU=",
			"requires": {
				"co": "4.6.0",
				"fast-deep-equal": "1.1.0",
				"fast-json-stable-stringify": "2.0.0",
				"json-schema-traverse": "0.3.1"
			}
		},
		"argparse": {
			"version": "1.0.10",
			"resolved": "https://registry.npmjs.org/argparse/-/argparse-1.0.10.tgz",
			"integrity": "sha512-o5Roy6tNG4SL/FOkCAN6RzjiakZS25RLYFrcMttJqbdd8BWrnA+fGz57iN5Pb06pvBGvl5gQ0B48dJlslXvoTg==",
			"requires": {
				"sprintf-js": "1.0.3"
			}
		},
		"array-equal": {
			"version": "1.0.0",
			"resolved": "https://registry.npmjs.org/array-equal/-/array-equal-1.0.0.tgz",
			"integrity": "sha1-jCpe8kcv2ep0KwTHenUJO6J1fJM="
		},
		"asap": {
			"version": "2.0.6",
			"resolved": "https://registry.npmjs.org/asap/-/asap-2.0.6.tgz",
			"integrity": "sha1-5QNHYR1+aQlDIIu9r+vLwvuGbUY="
		},
		"asn1": {
			"version": "0.2.3",
			"resolved": "https://registry.npmjs.org/asn1/-/asn1-0.2.3.tgz",
			"integrity": "sha1-2sh4dxPJlmhJ/IGAd36+nB3fO4Y="
		},
		"assert-plus": {
			"version": "1.0.0",
			"resolved": "https://registry.npmjs.org/assert-plus/-/assert-plus-1.0.0.tgz",
			"integrity": "sha1-8S4PPF13sLHN2RRpQuTpbB5N1SU="
		},
		"async-limiter": {
			"version": "1.0.0",
			"resolved": "https://registry.npmjs.org/async-limiter/-/async-limiter-1.0.0.tgz",
			"integrity": "sha512-jp/uFnooOiO+L211eZOoSyzpOITMXx1rBITauYykG3BRYPu8h0UcxsPNB04RR5vo4Tyz3+ay17tR6JVf9qzYWg=="
		},
		"asynckit": {
			"version": "0.4.0",
			"resolved": "https://registry.npmjs.org/asynckit/-/asynckit-0.4.0.tgz",
			"integrity": "sha1-x57Zf380y48robyXkLzDZkdLS3k="
		},
		"aws-sign2": {
			"version": "0.7.0",
			"resolved": "https://registry.npmjs.org/aws-sign2/-/aws-sign2-0.7.0.tgz",
			"integrity": "sha1-tG6JCTSpWR8tL2+G1+ap8bP+dqg="
		},
		"aws4": {
			"version": "1.6.0",
			"resolved": "https://registry.npmjs.org/aws4/-/aws4-1.6.0.tgz",
			"integrity": "sha1-g+9cqGCysy5KDe7e6MdxudtXRx4="
		},
		"bcrypt-pbkdf": {
			"version": "1.0.1",
			"resolved": "https://registry.npmjs.org/bcrypt-pbkdf/-/bcrypt-pbkdf-1.0.1.tgz",
			"integrity": "sha1-Y7xdy2EzG5K8Bf1SiVPDNGKgb40=",
			"optional": true,
			"requires": {
				"tweetnacl": "0.14.5"
			}
		},
		"boom": {
			"version": "4.3.1",
			"resolved": "https://registry.npmjs.org/boom/-/boom-4.3.1.tgz",
			"integrity": "sha1-T4owBctKfjiJ90kDD9JbluAdLjE=",
			"requires": {
				"hoek": "4.2.1"
			}
		},
		"browser-process-hrtime": {
			"version": "0.1.2",
			"resolved": "https://registry.npmjs.org/browser-process-hrtime/-/browser-process-hrtime-0.1.2.tgz",
			"integrity": "sha1-Ql1opY00R/AqBKqJQYf86K+Le44="
		},
		"caseless": {
			"version": "0.12.0",
			"resolved": "https://registry.npmjs.org/caseless/-/caseless-0.12.0.tgz",
			"integrity": "sha1-G2gcIf+EAzyCZUMJBolCDRhxUdw="
		},
		"co": {
			"version": "4.6.0",
			"resolved": "https://registry.npmjs.org/co/-/co-4.6.0.tgz",
			"integrity": "sha1-bqa989hTrlTMuOR7+gvz+QMfsYQ="
		},
		"combined-stream": {
			"version": "1.0.6",
			"resolved": "https://registry.npmjs.org/combined-stream/-/combined-stream-1.0.6.tgz",
			"integrity": "sha1-cj599ugBrFYTETp+RFqbactjKBg=",
			"requires": {
				"delayed-stream": "1.0.0"
			}
		},
		"commander": {
			"version": "2.15.0",
			"resolved": "https://registry.npmjs.org/commander/-/commander-2.15.0.tgz",
			"integrity": "sha512-7B1ilBwtYSbetCgTY1NJFg+gVpestg0fdA1MhC1Vs4ssyfSXnCAjFr+QcQM9/RedXC0EaUx1sG8Smgw2VfgKEg=="
		},
		"component-emitter": {
			"version": "1.2.1",
			"resolved": "https://registry.npmjs.org/component-emitter/-/component-emitter-1.2.1.tgz",
			"integrity": "sha1-E3kY1teCg/ffemt8WmPhQOaUJeY="
		},
		"content-type-parser": {
			"version": "1.0.2",
			"resolved": "https://registry.npmjs.org/content-type-parser/-/content-type-parser-1.0.2.tgz",
			"integrity": "sha512-lM4l4CnMEwOLHAHr/P6MEZwZFPJFtAAKgL6pogbXmVZggIqXhdB6RbBtPOTsw2FcXwYhehRGERJmRrjOiIB8pQ=="
		},
		"cookiejar": {
			"version": "2.1.1",
			"resolved": "https://registry.npmjs.org/cookiejar/-/cookiejar-2.1.1.tgz",
			"integrity": "sha1-Qa1XsbVVlR7BcUEqgZQrHoIA00o="
		},
		"core-js": {
			"version": "1.2.7",
			"resolved": "https://registry.npmjs.org/core-js/-/core-js-1.2.7.tgz",
			"integrity": "sha1-ZSKUwUZR2yj6k70tX/KYOk8IxjY="
		},
		"core-util-is": {
			"version": "1.0.2",
			"resolved": "https://registry.npmjs.org/core-util-is/-/core-util-is-1.0.2.tgz",
			"integrity": "sha1-tf1UIgqivFq1eqtxQMlAdUUDwac="
		},
		"cryptiles": {
			"version": "3.1.2",
			"resolved": "https://registry.npmjs.org/cryptiles/-/cryptiles-3.1.2.tgz",
			"integrity": "sha1-qJ+7Ig9c4l7FboxKqKT9e1sNKf4=",
			"requires": {
				"boom": "5.2.0"
			},
			"dependencies": {
				"boom": {
					"version": "5.2.0",
					"resolved": "https://registry.npmjs.org/boom/-/boom-5.2.0.tgz",
					"integrity": "sha512-Z5BTk6ZRe4tXXQlkqftmsAUANpXmuwlsF5Oov8ThoMbQRzdGTA1ngYRW160GexgOgjsFOKJz0LYhoNi+2AMBUw==",
					"requires": {
						"hoek": "4.2.1"
					}
				}
			}
		},
		"cssom": {
			"version": "0.3.2",
			"resolved": "https://registry.npmjs.org/cssom/-/cssom-0.3.2.tgz",
			"integrity": "sha1-uANhcMefB6kP8vFuIihAJ6JDhIs="
		},
		"cssstyle": {
			"version": "0.2.37",
			"resolved": "https://registry.npmjs.org/cssstyle/-/cssstyle-0.2.37.tgz",
			"integrity": "sha1-VBCXI0yyUTyDzu06zdwn/yeYfVQ=",
			"requires": {
				"cssom": "0.3.2"
			}
		},
		"dashdash": {
			"version": "1.14.1",
			"resolved": "https://registry.npmjs.org/dashdash/-/dashdash-1.14.1.tgz",
			"integrity": "sha1-hTz6D3y+L+1d4gMmuN1YEDX24vA=",
			"requires": {
				"assert-plus": "1.0.0"
			}
		},
		"debug": {
			"version": "3.1.0",
			"resolved": "https://registry.npmjs.org/debug/-/debug-3.1.0.tgz",
			"integrity": "sha512-OX8XqP7/1a9cqkxYw2yXss15f26NKWBpDXQd0/uK/KPqdQhxbPa994hnzjcE2VqQpDslf55723cKPUOGSmMY3g==",
			"requires": {
				"ms": "2.0.0"
			}
		},
		"deep-is": {
			"version": "0.1.3",
			"resolved": "https://registry.npmjs.org/deep-is/-/deep-is-0.1.3.tgz",
			"integrity": "sha1-s2nW+128E+7PUk+RsHD+7cNXzzQ="
		},
		"delayed-stream": {
			"version": "1.0.0",
			"resolved": "https://registry.npmjs.org/delayed-stream/-/delayed-stream-1.0.0.tgz",
			"integrity": "sha1-3zrhmayt+31ECqrgsp4icrJOxhk="
		},
		"document-register-element": {
			"version": "1.7.2",
			"resolved": "https://registry.npmjs.org/document-register-element/-/document-register-element-1.7.2.tgz",
			"integrity": "sha512-E+y3qJgckbXK/Ev+jPIF+ussxJRaFRIxYCAkxeYcTdccuQoPw5emVWXkox6JnMejFryjlCs/sw2cokMO2lHxjQ==",
			"requires": {
				"lightercollective": "0.0.0"
			}
		},
		"domexception": {
			"version": "1.0.1",
			"resolved": "https://registry.npmjs.org/domexception/-/domexception-1.0.1.tgz",
			"integrity": "sha512-raigMkn7CJNNo6Ihro1fzG7wr3fHuYVytzquZKX5n0yizGsTcYgzdIUwj1X9pK0VvjeihV+XiclP+DjwbsSKug==",
			"requires": {
				"webidl-conversions": "4.0.2"
			}
		},
		"ecc-jsbn": {
			"version": "0.1.1",
			"resolved": "https://registry.npmjs.org/ecc-jsbn/-/ecc-jsbn-0.1.1.tgz",
			"integrity": "sha1-D8c6ntXw1Tw4GTOYUj735UN3dQU=",
			"optional": true,
			"requires": {
				"jsbn": "0.1.1"
			}
		},
		"encoding": {
			"version": "0.1.12",
			"resolved": "https://registry.npmjs.org/encoding/-/encoding-0.1.12.tgz",
			"integrity": "sha1-U4tm8+5izRq1HsMjgp0flIDHS+s=",
			"requires": {
				"iconv-lite": "0.4.19"
			}
		},
		"es6-shim": {
			"version": "0.35.3",
			"resolved": "https://registry.npmjs.org/es6-shim/-/es6-shim-0.35.3.tgz",
			"integrity": "sha1-m/tzY/7//4emzbbNk+QF7DxLbyY="
		},
		"escodegen": {
			"version": "1.9.1",
			"resolved": "https://registry.npmjs.org/escodegen/-/escodegen-1.9.1.tgz",
			"integrity": "sha512-6hTjO1NAWkHnDk3OqQ4YrCuwwmGHL9S3nPlzBOUG/R44rda3wLNrfvQ5fkSGjyhHFKM7ALPKcKGrwvCLe0lC7Q==",
			"requires": {
				"esprima": "3.1.3",
				"estraverse": "4.2.0",
				"esutils": "2.0.2",
				"optionator": "0.8.2",
				"source-map": "0.6.1"
			}
		},
		"esprima": {
			"version": "3.1.3",
			"resolved": "https://registry.npmjs.org/esprima/-/esprima-3.1.3.tgz",
			"integrity": "sha1-/cpRzuYTOJXjyI1TXOSdv/YqRjM="
		},
		"estraverse": {
			"version": "4.2.0",
			"resolved": "https://registry.npmjs.org/estraverse/-/estraverse-4.2.0.tgz",
			"integrity": "sha1-De4/7TH81GlhjOc0IJn8GvoL2xM="
		},
		"esutils": {
			"version": "2.0.2",
			"resolved": "https://registry.npmjs.org/esutils/-/esutils-2.0.2.tgz",
			"integrity": "sha1-Cr9PHKpbyx96nYrMbepPqqBLrJs="
		},
		"extend": {
			"version": "3.0.1",
			"resolved": "https://registry.npmjs.org/extend/-/extend-3.0.1.tgz",
			"integrity": "sha1-p1Xqe8Gt/MWjHOfnYtuq3F5jZEQ="
		},
		"extsprintf": {
			"version": "1.3.0",
			"resolved": "https://registry.npmjs.org/extsprintf/-/extsprintf-1.3.0.tgz",
			"integrity": "sha1-lpGEQOMEGnpBT4xS48V06zw+HgU="
		},
		"fast-deep-equal": {
			"version": "1.1.0",
			"resolved": "https://registry.npmjs.org/fast-deep-equal/-/fast-deep-equal-1.1.0.tgz",
			"integrity": "sha1-wFNHeBfIa1HaqFPIHgWbcz0CNhQ="
		},
		"fast-json-stable-stringify": {
			"version": "2.0.0",
			"resolved": "https://registry.npmjs.org/fast-json-stable-stringify/-/fast-json-stable-stringify-2.0.0.tgz",
			"integrity": "sha1-1RQsDK7msRifh9OnYREGT4bIu/I="
		},
		"fast-levenshtein": {
			"version": "2.0.6",
			"resolved": "https://registry.npmjs.org/fast-levenshtein/-/fast-levenshtein-2.0.6.tgz",
			"integrity": "sha1-PYpcZog6FqMMqGQ+hR8Zuqd5eRc="
		},
		"fbjs": {
			"version": "0.8.16",
			"resolved": "https://registry.npmjs.org/fbjs/-/fbjs-0.8.16.tgz",
			"integrity": "sha1-XmdDL1UNxBtXK/VYR7ispk5TN9s=",
			"requires": {
				"core-js": "1.2.7",
				"isomorphic-fetch": "2.2.1",
				"loose-envify": "1.3.1",
				"object-assign": "4.1.1",
				"promise": "7.3.1",
				"setimmediate": "1.0.5",
				"ua-parser-js": "0.7.17"
			}
		},
		"forever-agent": {
			"version": "0.6.1",
			"resolved": "https://registry.npmjs.org/forever-agent/-/forever-agent-0.6.1.tgz",
			"integrity": "sha1-+8cfDEGt6zf5bFd60e1C2P2sypE="
		},
		"form-data": {
			"version": "2.3.2",
			"resolved": "https://registry.npmjs.org/form-data/-/form-data-2.3.2.tgz",
			"integrity": "sha1-SXBJi+YEwgwAXU9cI67NIda0kJk=",
			"requires": {
				"asynckit": "0.4.0",
				"combined-stream": "1.0.6",
				"mime-types": "2.1.18"
			}
		},
		"formidable": {
			"version": "1.2.0",
			"resolved": "https://registry.npmjs.org/formidable/-/formidable-1.2.0.tgz",
			"integrity": "sha512-hr9aT30rAi7kf8Q2aaTpSP7xGMhlJ+MdrUDVZs3rxbD3L/K46A86s2VY7qC2D2kGYGBtiT/3j6wTx1eeUq5xAQ=="
		},
		"getpass": {
			"version": "0.1.7",
			"resolved": "https://registry.npmjs.org/getpass/-/getpass-0.1.7.tgz",
			"integrity": "sha1-Xv+OPmhNVprkyysSgmBOi6YhSfo=",
			"requires": {
				"assert-plus": "1.0.0"
			}
		},
		"graphlib": {
			"version": "2.1.5",
			"resolved": "https://registry.npmjs.org/graphlib/-/graphlib-2.1.5.tgz",
			"integrity": "sha512-XvtbqCcw+EM5SqQrIetIKKD+uZVNQtDPD1goIg7K73RuRZtVI5rYMdcCVSHm/AS1sCBZ7vt0p5WgXouucHQaOA==",
			"requires": {
				"lodash": "4.17.5"
			}
		},
		"har-schema": {
			"version": "2.0.0",
			"resolved": "https://registry.npmjs.org/har-schema/-/har-schema-2.0.0.tgz",
			"integrity": "sha1-qUwiJOvKwEeCoNkDVSHyRzW37JI="
		},
		"har-validator": {
			"version": "5.0.3",
			"resolved": "https://registry.npmjs.org/har-validator/-/har-validator-5.0.3.tgz",
			"integrity": "sha1-ukAsJmGU8VlW7xXg/PJCmT9qff0=",
			"requires": {
				"ajv": "5.5.2",
				"har-schema": "2.0.0"
			}
		},
		"hawk": {
			"version": "6.0.2",
			"resolved": "https://registry.npmjs.org/hawk/-/hawk-6.0.2.tgz",
			"integrity": "sha512-miowhl2+U7Qle4vdLqDdPt9m09K6yZhkLDTWGoUiUzrQCn+mHHSmfJgAyGaLRZbPmTqfFFjRV1QWCW0VWUJBbQ==",
			"requires": {
				"boom": "4.3.1",
				"cryptiles": "3.1.2",
				"hoek": "4.2.1",
				"sntp": "2.1.0"
			}
		},
		"hoek": {
			"version": "4.2.1",
			"resolved": "https://registry.npmjs.org/hoek/-/hoek-4.2.1.tgz",
			"integrity": "sha512-QLg82fGkfnJ/4iy1xZ81/9SIJiq1NGFUMGs6ParyjBZr6jW2Ufj/snDqTHixNlHdPNwN2RLVD0Pi3igeK9+JfA=="
		},
		"hoist-non-react-statics": {
			"version": "2.5.0",
			"resolved": "https://registry.npmjs.org/hoist-non-react-statics/-/hoist-non-react-statics-2.5.0.tgz",
			"integrity": "sha512-6Bl6XsDT1ntE0lHbIhr4Kp2PGcleGZ66qu5Jqk8lc0Xc/IeG6gVLmwUGs/K0Us+L8VWoKgj0uWdPMataOsm31w=="
		},
		"html-encoding-sniffer": {
			"version": "1.0.2",
			"resolved": "https://registry.npmjs.org/html-encoding-sniffer/-/html-encoding-sniffer-1.0.2.tgz",
			"integrity": "sha512-71lZziiDnsuabfdYiUeWdCVyKuqwWi23L8YeIgV9jSSZHCtb6wB1BKWooH7L3tn4/FuZJMVWyNaIDr4RGmaSYw==",
			"requires": {
				"whatwg-encoding": "1.0.3"
			}
		},
		"http-signature": {
			"version": "1.2.0",
			"resolved": "https://registry.npmjs.org/http-signature/-/http-signature-1.2.0.tgz",
			"integrity": "sha1-muzZJRFHcvPZW2WmCruPfBj7rOE=",
			"requires": {
				"assert-plus": "1.0.0",
				"jsprim": "1.4.1",
				"sshpk": "1.13.1"
			}
		},
		"iconv-lite": {
			"version": "0.4.19",
			"resolved": "https://registry.npmjs.org/iconv-lite/-/iconv-lite-0.4.19.tgz",
			"integrity": "sha512-oTZqweIP51xaGPI4uPa56/Pri/480R+mo7SeU+YETByQNhDG55ycFyNLIgta9vXhILrxXDmF7ZGhqZIcuN0gJQ=="
		},
		"inherits": {
			"version": "2.0.3",
			"resolved": "https://registry.npmjs.org/inherits/-/inherits-2.0.3.tgz",
			"integrity": "sha1-Yzwsg+PaQqUC9SRmAiSA9CCCYd4="
		},
		"invariant": {
			"version": "2.2.3",
			"resolved": "https://registry.npmjs.org/invariant/-/invariant-2.2.3.tgz",
			"integrity": "sha512-7Z5PPegwDTyjbaeCnV0efcyS6vdKAU51kpEmS7QFib3P4822l8ICYyMn7qvJnc+WzLoDsuI9gPMKbJ8pCu8XtA==",
			"requires": {
				"loose-envify": "1.3.1"
			}
		},
		"is-stream": {
			"version": "1.1.0",
			"resolved": "https://registry.npmjs.org/is-stream/-/is-stream-1.1.0.tgz",
			"integrity": "sha1-EtSj3U5o4Lec6428hBc66A2RykQ="
		},
		"is-typedarray": {
			"version": "1.0.0",
			"resolved": "https://registry.npmjs.org/is-typedarray/-/is-typedarray-1.0.0.tgz",
			"integrity": "sha1-5HnICFjfDBsR3dppQPlgEfzaSpo="
		},
		"isarray": {
			"version": "1.0.0",
			"resolved": "https://registry.npmjs.org/isarray/-/isarray-1.0.0.tgz",
			"integrity": "sha1-u5NdSFgsuhaMBoNJV6VKPgcSTxE="
		},
		"isomorphic-fetch": {
			"version": "2.2.1",
			"resolved": "https://registry.npmjs.org/isomorphic-fetch/-/isomorphic-fetch-2.2.1.tgz",
			"integrity": "sha1-YRrhrPFPXoH3KVB0coGf6XM1WKk=",
			"requires": {
				"node-fetch": "1.7.3",
				"whatwg-fetch": "2.0.3"
			}
		},
		"isstream": {
			"version": "0.1.2",
			"resolved": "https://registry.npmjs.org/isstream/-/isstream-0.1.2.tgz",
			"integrity": "sha1-R+Y/evVa+m+S4VAOaQ64uFKcCZo="
		},
		"js-tokens": {
			"version": "3.0.2",
			"resolved": "https://registry.npmjs.org/js-tokens/-/js-tokens-3.0.2.tgz",
			"integrity": "sha1-mGbfOVECEw449/mWvOtlRDIJwls="
		},
		"js-yaml": {
			"version": "3.11.0",
			"resolved": "https://registry.npmjs.org/js-yaml/-/js-yaml-3.11.0.tgz",
			"integrity": "sha512-saJstZWv7oNeOyBh3+Dx1qWzhW0+e6/8eDzo7p5rDFqxntSztloLtuKu+Ejhtq82jsilwOIZYsCz+lIjthg1Hw==",
			"requires": {
				"argparse": "1.0.10",
				"esprima": "4.0.0"
			},
			"dependencies": {
				"esprima": {
					"version": "4.0.0",
					"resolved": "https://registry.npmjs.org/esprima/-/esprima-4.0.0.tgz",
					"integrity": "sha512-oftTcaMu/EGrEIu904mWteKIv8vMuOgGYo7EhVJJN00R/EED9DCua/xxHRdYnKtcECzVg7xOWhflvJMnqcFZjw=="
				}
			}
		},
		"jsbn": {
			"version": "0.1.1",
			"resolved": "https://registry.npmjs.org/jsbn/-/jsbn-0.1.1.tgz",
			"integrity": "sha1-peZUwuWi3rXyAdls77yoDA7y9RM=",
			"optional": true
		},
		"jsdom": {
			"version": "11.6.2",
			"resolved": "https://registry.npmjs.org/jsdom/-/jsdom-11.6.2.tgz",
			"integrity": "sha512-pAeZhpbSlUp5yQcS6cBQJwkbzmv4tWFaYxHbFVSxzXefqjvtRA851Z5N2P+TguVG9YeUDcgb8pdeVQRJh0XR3Q==",
			"requires": {
				"abab": "1.0.4",
				"acorn": "5.5.3",
				"acorn-globals": "4.1.0",
				"array-equal": "1.0.0",
				"browser-process-hrtime": "0.1.2",
				"content-type-parser": "1.0.2",
				"cssom": "0.3.2",
				"cssstyle": "0.2.37",
				"domexception": "1.0.1",
				"escodegen": "1.9.1",
				"html-encoding-sniffer": "1.0.2",
				"left-pad": "1.2.0",
				"nwmatcher": "1.4.3",
				"parse5": "4.0.0",
				"pn": "1.1.0",
				"request": "2.83.0",
				"request-promise-native": "1.0.5",
				"sax": "1.2.4",
				"symbol-tree": "3.2.2",
				"tough-cookie": "2.3.4",
				"w3c-hr-time": "1.0.1",
				"webidl-conversions": "4.0.2",
				"whatwg-encoding": "1.0.3",
				"whatwg-url": "6.4.0",
				"ws": "4.1.0",
				"xml-name-validator": "3.0.0"
			}
		},
		"jsdom-global": {
			"version": "3.0.2",
			"resolved": "https://registry.npmjs.org/jsdom-global/-/jsdom-global-3.0.2.tgz",
			"integrity": "sha1-a9KZwTsMRiay2iwDk81DhdYGrLk="
		},
		"json-refs": {
			"version": "2.1.7",
			"resolved": "https://registry.npmjs.org/json-refs/-/json-refs-2.1.7.tgz",
			"integrity": "sha1-uesB/in16j6Sh48VrqEK04taz4k=",
			"requires": {
				"commander": "2.15.0",
				"graphlib": "2.1.5",
				"js-yaml": "3.11.0",
				"native-promise-only": "0.8.1",
				"path-loader": "1.0.4",
				"slash": "1.0.0",
				"uri-js": "3.0.2"
			}
		},
		"json-schema": {
			"version": "0.2.3",
			"resolved": "https://registry.npmjs.org/json-schema/-/json-schema-0.2.3.tgz",
			"integrity": "sha1-tIDIkuWaLwWVTOcnvT8qTogvnhM="
		},
		"json-schema-traverse": {
			"version": "0.3.1",
			"resolved": "https://registry.npmjs.org/json-schema-traverse/-/json-schema-traverse-0.3.1.tgz",
			"integrity": "sha1-NJptRMU6Ud6JtAgFxdXlm0F9M0A="
		},
		"json-stringify-safe": {
			"version": "5.0.1",
			"resolved": "https://registry.npmjs.org/json-stringify-safe/-/json-stringify-safe-5.0.1.tgz",
			"integrity": "sha1-Epai1Y/UXxmg9s4B1lcB4sc1tus="
		},
		"jsprim": {
			"version": "1.4.1",
			"resolved": "https://registry.npmjs.org/jsprim/-/jsprim-1.4.1.tgz",
			"integrity": "sha1-MT5mvB5cwG5Di8G3SZwuXFastqI=",
			"requires": {
				"assert-plus": "1.0.0",
				"extsprintf": "1.3.0",
				"json-schema": "0.2.3",
				"verror": "1.10.0"
			}
		},
		"left-pad": {
			"version": "1.2.0",
			"resolved": "https://registry.npmjs.org/left-pad/-/left-pad-1.2.0.tgz",
			"integrity": "sha1-0wpzxrggHY99jnlWupYWCHpo4O4="
		},
		"levn": {
			"version": "0.3.0",
			"resolved": "https://registry.npmjs.org/levn/-/levn-0.3.0.tgz",
			"integrity": "sha1-OwmSTt+fCDwEkP3UwLxEIeBHZO4=",
			"requires": {
				"prelude-ls": "1.1.2",
				"type-check": "0.3.2"
			}
		},
		"lightercollective": {
			"version": "0.0.0",
			"resolved": "https://registry.npmjs.org/lightercollective/-/lightercollective-0.0.0.tgz",
			"integrity": "sha512-4SdGgHgQjlqhk90QxAYsltGEI6HHt30xy9fOIPKi+c3vcGRcpPDtzm6+kxr1N9ixkrx/ngMhTCe/VpBc/HmNBQ=="
		},
		"lodash": {
			"version": "4.17.5",
			"resolved": "https://registry.npmjs.org/lodash/-/lodash-4.17.5.tgz",
			"integrity": "sha512-svL3uiZf1RwhH+cWrfZn3A4+U58wbP0tGVTLQPbjplZxZ8ROD9VLuNgsRniTlLe7OlSqR79RUehXgpBW/s0IQw=="
		},
		"lodash-es": {
			"version": "4.17.7",
			"resolved": "https://registry.npmjs.org/lodash-es/-/lodash-es-4.17.7.tgz",
			"integrity": "sha512-jzqTi3vk4J5Dxq43cNjB0ekfCjPLHixoY2Sc0WHTo+0r928taLqe/VCt02vY5uQBvg0rdXgL3xWkK4X0MCmZcw=="
		},
		"lodash.sortby": {
			"version": "4.7.0",
			"resolved": "https://registry.npmjs.org/lodash.sortby/-/lodash.sortby-4.7.0.tgz",
			"integrity": "sha1-7dFMgk4sycHgsKG0K7UhBRakJDg="
		},
		"loose-envify": {
			"version": "1.3.1",
			"resolved": "https://registry.npmjs.org/loose-envify/-/loose-envify-1.3.1.tgz",
			"integrity": "sha1-0aitM/qc4OcT1l/dCsi3SNR4yEg=",
			"requires": {
				"js-tokens": "3.0.2"
			}
		},
		"methods": {
			"version": "1.1.2",
			"resolved": "https://registry.npmjs.org/methods/-/methods-1.1.2.tgz",
			"integrity": "sha1-VSmk1nZUE07cxSZmVoNbD4Ua/O4="
		},
		"mime": {
			"version": "1.6.0",
			"resolved": "https://registry.npmjs.org/mime/-/mime-1.6.0.tgz",
			"integrity": "sha512-x0Vn8spI+wuJ1O6S7gnbaQg8Pxh4NNHb7KSINmEWKiPE4RKOplvijn+NkmYmmRgP68mc70j2EbeTFRsrswaQeg=="
		},
		"mime-db": {
			"version": "1.33.0",
			"resolved": "https://registry.npmjs.org/mime-db/-/mime-db-1.33.0.tgz",
			"integrity": "sha512-BHJ/EKruNIqJf/QahvxwQZXKygOQ256myeN/Ew+THcAa5q+PjyTTMMeNQC4DZw5AwfvelsUrA6B67NKMqXDbzQ=="
		},
		"mime-types": {
			"version": "2.1.18",
			"resolved": "https://registry.npmjs.org/mime-types/-/mime-types-2.1.18.tgz",
			"integrity": "sha512-lc/aahn+t4/SWV/qcmumYjymLsWfN3ELhpmVuUFjgsORruuZPVSwAQryq+HHGvO/SI2KVX26bx+En+zhM8g8hQ==",
			"requires": {
				"mime-db": "1.33.0"
			}
		},
		"ms": {
			"version": "2.0.0",
			"resolved": "https://registry.npmjs.org/ms/-/ms-2.0.0.tgz",
			"integrity": "sha1-VgiurfwAvmwpAd9fmGF4jeDVl8g="
		},
		"native-promise-only": {
			"version": "0.8.1",
			"resolved": "https://registry.npmjs.org/native-promise-only/-/native-promise-only-0.8.1.tgz",
			"integrity": "sha1-IKMYwwy0X3H+et+/eyHJnBRy7xE="
		},
		"node-fetch": {
			"version": "1.7.3",
			"resolved": "https://registry.npmjs.org/node-fetch/-/node-fetch-1.7.3.tgz",
			"integrity": "sha512-NhZ4CsKx7cYm2vSrBAr2PvFOe6sWDf0UYLRqA6svUYg7+/TSfVAu49jYC4BvQ4Sms9SZgdqGBgroqfDhJdTyKQ==",
			"requires": {
				"encoding": "0.1.12",
				"is-stream": "1.1.0"
			}
		},
		"nwmatcher": {
			"version": "1.4.3",
			"resolved": "https://registry.npmjs.org/nwmatcher/-/nwmatcher-1.4.3.tgz",
			"integrity": "sha512-IKdSTiDWCarf2JTS5e9e2+5tPZGdkRJ79XjYV0pzK8Q9BpsFyBq1RGKxzs7Q8UBushGw7m6TzVKz6fcY99iSWw=="
		},
		"oauth-sign": {
			"version": "0.8.2",
			"resolved": "https://registry.npmjs.org/oauth-sign/-/oauth-sign-0.8.2.tgz",
			"integrity": "sha1-Rqarfwrq2N6unsBWV4C31O/rnUM="
		},
		"object-assign": {
			"version": "4.1.1",
			"resolved": "https://registry.npmjs.org/object-assign/-/object-assign-4.1.1.tgz",
			"integrity": "sha1-IQmtx5ZYh8/AXLvUQsrIv7s2CGM="
		},
		"optionator": {
			"version": "0.8.2",
			"resolved": "https://registry.npmjs.org/optionator/-/optionator-0.8.2.tgz",
			"integrity": "sha1-NkxeQJ0/TWMB1sC0wFu6UBgK62Q=",
			"requires": {
				"deep-is": "0.1.3",
				"fast-levenshtein": "2.0.6",
				"levn": "0.3.0",
				"prelude-ls": "1.1.2",
				"type-check": "0.3.2",
				"wordwrap": "1.0.0"
			}
		},
		"parse5": {
			"version": "4.0.0",
			"resolved": "https://registry.npmjs.org/parse5/-/parse5-4.0.0.tgz",
			"integrity": "sha512-VrZ7eOd3T1Fk4XWNXMgiGBK/z0MG48BWG2uQNU4I72fkQuKUTZpl+u9k+CxEG0twMVzSmXEEz12z5Fnw1jIQFA=="
		},
		"path-loader": {
			"version": "1.0.4",
			"resolved": "https://registry.npmjs.org/path-loader/-/path-loader-1.0.4.tgz",
			"integrity": "sha512-k/IPo9OWyofATP5gwIehHHQoFShS37zsSIsejKe6fjI+tqK+FnRpiSg4ZfWUpxb0g2PfCreWPqBD4ayjqjqkdQ==",
			"requires": {
				"native-promise-only": "0.8.1",
				"superagent": "3.8.2"
			}
		},
		"performance-now": {
			"version": "2.1.0",
			"resolved": "https://registry.npmjs.org/performance-now/-/performance-now-2.1.0.tgz",
			"integrity": "sha1-Ywn04OX6kT7BxpMHrjZLSzd8nns="
		},
		"pn": {
			"version": "1.1.0",
			"resolved": "https://registry.npmjs.org/pn/-/pn-1.1.0.tgz",
			"integrity": "sha512-2qHaIQr2VLRFoxe2nASzsV6ef4yOOH+Fi9FBOVH6cqeSgUnoyySPZkxzLuzd+RYOQTRpROA0ztTMqxROKSb/nA=="
		},
		"prelude-ls": {
			"version": "1.1.2",
			"resolved": "https://registry.npmjs.org/prelude-ls/-/prelude-ls-1.1.2.tgz",
			"integrity": "sha1-IZMqVJ9eUv/ZqCf1cOBL5iqX2lQ="
		},
		"process-nextick-args": {
			"version": "2.0.0",
			"resolved": "https://registry.npmjs.org/process-nextick-args/-/process-nextick-args-2.0.0.tgz",
			"integrity": "sha512-MtEC1TqN0EU5nephaJ4rAtThHtC86dNN9qCuEhtshvpVBkAW5ZO7BASN9REnF9eoXGcRub+pFuKEpOHE+HbEMw=="
		},
		"promise": {
			"version": "7.3.1",
			"resolved": "https://registry.npmjs.org/promise/-/promise-7.3.1.tgz",
			"integrity": "sha512-nolQXZ/4L+bP/UGlkfaIujX9BKxGwmQ9OT4mOt5yvy8iK1h3wqTEJCijzGANTCCl9nWjY41juyAn2K3Q1hLLTg==",
			"requires": {
				"asap": "2.0.6"
			}
		},
		"prop-types": {
			"version": "15.6.1",
			"resolved": "https://registry.npmjs.org/prop-types/-/prop-types-15.6.1.tgz",
			"integrity": "sha512-4ec7bY1Y66LymSUOH/zARVYObB23AT2h8cf6e/O6ZALB/N0sqZFEx7rq6EYPX2MkOdKORuooI/H5k9TlR4q7kQ==",
			"requires": {
				"fbjs": "0.8.16",
				"loose-envify": "1.3.1",
				"object-assign": "4.1.1"
			}
		},
		"punycode": {
			"version": "1.4.1",
			"resolved": "https://registry.npmjs.org/punycode/-/punycode-1.4.1.tgz",
			"integrity": "sha1-wNWmOycYgArY4esPpSachN1BhF4="
		},
		"qs": {
			"version": "6.5.1",
			"resolved": "https://registry.npmjs.org/qs/-/qs-6.5.1.tgz",
			"integrity": "sha512-eRzhrN1WSINYCDCbrz796z37LOe3m5tmW7RQf6oBntukAG1nmovJvhnwHHRMAfeoItc1m2Hk02WER2aQ/iqs+A=="
		},
		"react": {
			"version": "16.2.0",
			"resolved": "https://registry.npmjs.org/react/-/react-16.2.0.tgz",
			"integrity": "sha512-ZmIomM7EE1DvPEnSFAHZn9Vs9zJl5A9H7el0EGTE6ZbW9FKe/14IYAlPbC8iH25YarEQxZL+E8VW7Mi7kfQrDQ==",
			"requires": {
				"fbjs": "0.8.16",
				"loose-envify": "1.3.1",
				"object-assign": "4.1.1",
				"prop-types": "15.6.1"
			}
		},
		"react-dom": {
			"version": "16.2.0",
			"resolved": "https://registry.npmjs.org/react-dom/-/react-dom-16.2.0.tgz",
			"integrity": "sha512-zpGAdwHVn9K0091d+hr+R0qrjoJ84cIBFL2uU60KvWBPfZ7LPSrfqviTxGHWN0sjPZb2hxWzMexwrvJdKePvjg==",
			"requires": {
				"fbjs": "0.8.16",
				"loose-envify": "1.3.1",
				"object-assign": "4.1.1",
				"prop-types": "15.6.1"
			}
		},
		"react-redux": {
			"version": "5.0.7",
			"resolved": "https://registry.npmjs.org/react-redux/-/react-redux-5.0.7.tgz",
			"integrity": "sha512-5VI8EV5hdgNgyjfmWzBbdrqUkrVRKlyTKk1sGH3jzM2M2Mhj/seQgPXaz6gVAj2lz/nz688AdTqMO18Lr24Zhg==",
			"requires": {
				"hoist-non-react-statics": "2.5.0",
				"invariant": "2.2.3",
				"lodash": "4.17.5",
				"lodash-es": "4.17.7",
				"loose-envify": "1.3.1",
				"prop-types": "15.6.1"
			}
		},
		"readable-stream": {
			"version": "2.3.5",
			"resolved": "https://registry.npmjs.org/readable-stream/-/readable-stream-2.3.5.tgz",
			"integrity": "sha512-tK0yDhrkygt/knjowCUiWP9YdV7c5R+8cR0r/kt9ZhBU906Fs6RpQJCEilamRJj1Nx2rWI6LkW9gKqjTkshhEw==",
			"requires": {
				"core-util-is": "1.0.2",
				"inherits": "2.0.3",
				"isarray": "1.0.0",
				"process-nextick-args": "2.0.0",
				"safe-buffer": "5.1.1",
				"string_decoder": "1.0.3",
				"util-deprecate": "1.0.2"
			}
		},
		"redux": {
			"version": "3.7.2",
			"resolved": "https://registry.npmjs.org/redux/-/redux-3.7.2.tgz",
			"integrity": "sha512-pNqnf9q1hI5HHZRBkj3bAngGZW/JMCmexDlOxw4XagXY2o1327nHH54LoTjiPJ0gizoqPDRqWyX/00g0hD6w+A==",
			"requires": {
				"lodash": "4.17.5",
				"lodash-es": "4.17.7",
				"loose-envify": "1.3.1",
				"symbol-observable": "1.2.0"
			}
		},
		"request": {
			"version": "2.83.0",
			"resolved": "https://registry.npmjs.org/request/-/request-2.83.0.tgz",
			"integrity": "sha512-lR3gD69osqm6EYLk9wB/G1W/laGWjzH90t1vEa2xuxHD5KUrSzp9pUSfTm+YC5Nxt2T8nMPEvKlhbQayU7bgFw==",
			"requires": {
				"aws-sign2": "0.7.0",
				"aws4": "1.6.0",
				"caseless": "0.12.0",
				"combined-stream": "1.0.6",
				"extend": "3.0.1",
				"forever-agent": "0.6.1",
				"form-data": "2.3.2",
				"har-validator": "5.0.3",
				"hawk": "6.0.2",
				"http-signature": "1.2.0",
				"is-typedarray": "1.0.0",
				"isstream": "0.1.2",
				"json-stringify-safe": "5.0.1",
				"mime-types": "2.1.18",
				"oauth-sign": "0.8.2",
				"performance-now": "2.1.0",
				"qs": "6.5.1",
				"safe-buffer": "5.1.1",
				"stringstream": "0.0.5",
				"tough-cookie": "2.3.4",
				"tunnel-agent": "0.6.0",
				"uuid": "3.2.1"
			}
		},
		"request-promise-core": {
			"version": "1.1.1",
			"resolved": "https://registry.npmjs.org/request-promise-core/-/request-promise-core-1.1.1.tgz",
			"integrity": "sha1-Pu4AssWqgyOc+wTFcA2jb4HNCLY=",
			"requires": {
				"lodash": "4.17.5"
			}
		},
		"request-promise-native": {
			"version": "1.0.5",
			"resolved": "https://registry.npmjs.org/request-promise-native/-/request-promise-native-1.0.5.tgz",
			"integrity": "sha1-UoF3D2jgyXGeUWP9P6tIIhX0/aU=",
			"requires": {
				"request-promise-core": "1.1.1",
				"stealthy-require": "1.1.1",
				"tough-cookie": "2.3.4"
			}
		},
		"safe-buffer": {
			"version": "5.1.1",
			"resolved": "https://registry.npmjs.org/safe-buffer/-/safe-buffer-5.1.1.tgz",
			"integrity": "sha512-kKvNJn6Mm93gAczWVJg7wH+wGYWNrDHdWvpUmHyEsgCtIwwo3bqPtV4tR5tuPaUhTOo/kvhVwd8XwwOllGYkbg=="
		},
		"sax": {
			"version": "1.2.4",
			"resolved": "https://registry.npmjs.org/sax/-/sax-1.2.4.tgz",
			"integrity": "sha512-NqVDv9TpANUjFm0N8uM5GxL36UgKi9/atZw+x7YFnQ8ckwFGKrl4xX4yWtrey3UJm5nP1kUbnYgLopqWNSRhWw=="
		},
		"setimmediate": {
			"version": "1.0.5",
			"resolved": "https://registry.npmjs.org/setimmediate/-/setimmediate-1.0.5.tgz",
			"integrity": "sha1-KQy7Iy4waULX1+qbg3Mqt4VvgoU="
		},
		"slash": {
			"version": "1.0.0",
			"resolved": "https://registry.npmjs.org/slash/-/slash-1.0.0.tgz",
			"integrity": "sha1-xB8vbDn8FtHNF61LXYlhFK5HDVU="
		},
		"sntp": {
			"version": "2.1.0",
			"resolved": "https://registry.npmjs.org/sntp/-/sntp-2.1.0.tgz",
			"integrity": "sha512-FL1b58BDrqS3A11lJ0zEdnJ3UOKqVxawAkF3k7F0CVN7VQ34aZrV+G8BZ1WC9ZL7NyrwsW0oviwsWDgRuVYtJg==",
			"requires": {
				"hoek": "4.2.1"
			}
		},
		"source-map": {
			"version": "0.6.1",
			"resolved": "https://registry.npmjs.org/source-map/-/source-map-0.6.1.tgz",
			"integrity": "sha512-UjgapumWlbMhkBgzT7Ykc5YXUT46F0iKu8SGXq0bcwP5dz/h0Plj6enJqjz1Zbq2l5WaqYnrVbwWOWMyF3F47g==",
			"optional": true
		},
		"sprintf-js": {
			"version": "1.0.3",
			"resolved": "https://registry.npmjs.org/sprintf-js/-/sprintf-js-1.0.3.tgz",
			"integrity": "sha1-BOaSb2YolTVPPdAVIDYzuFcpfiw="
		},
		"sshpk": {
			"version": "1.13.1",
			"resolved": "https://registry.npmjs.org/sshpk/-/sshpk-1.13.1.tgz",
			"integrity": "sha1-US322mKHFEMW3EwY/hzx2UBzm+M=",
			"requires": {
				"asn1": "0.2.3",
				"assert-plus": "1.0.0",
				"bcrypt-pbkdf": "1.0.1",
				"dashdash": "1.14.1",
				"ecc-jsbn": "0.1.1",
				"getpass": "0.1.7",
				"jsbn": "0.1.1",
				"tweetnacl": "0.14.5"
			}
		},
		"stealthy-require": {
			"version": "1.1.1",
			"resolved": "https://registry.npmjs.org/stealthy-require/-/stealthy-require-1.1.1.tgz",
			"integrity": "sha1-NbCYdbT/SfJqd35QmzCQoyJr8ks="
		},
		"string_decoder": {
			"version": "1.0.3",
			"resolved": "https://registry.npmjs.org/string_decoder/-/string_decoder-1.0.3.tgz",
			"integrity": "sha512-4AH6Z5fzNNBcH+6XDMfA/BTt87skxqJlO0lAh3Dker5zThcAxG6mKz+iGu308UKoPPQ8Dcqx/4JhujzltRa+hQ==",
			"requires": {
				"safe-buffer": "5.1.1"
			}
		},
		"stringstream": {
			"version": "0.0.5",
			"resolved": "https://registry.npmjs.org/stringstream/-/stringstream-0.0.5.tgz",
			"integrity": "sha1-TkhM1N5aC7vuGORjB3EKioFiGHg="
		},
		"superagent": {
			"version": "3.8.2",
			"resolved": "https://registry.npmjs.org/superagent/-/superagent-3.8.2.tgz",
			"integrity": "sha512-gVH4QfYHcY3P0f/BZzavLreHW3T1v7hG9B+hpMQotGQqurOvhv87GcMCd6LWySmBuf+BDR44TQd0aISjVHLeNQ==",
			"requires": {
				"component-emitter": "1.2.1",
				"cookiejar": "2.1.1",
				"debug": "3.1.0",
				"extend": "3.0.1",
				"form-data": "2.3.2",
				"formidable": "1.2.0",
				"methods": "1.1.2",
				"mime": "1.6.0",
				"qs": "6.5.1",
				"readable-stream": "2.3.5"
			}
		},
		"symbol-observable": {
			"version": "1.2.0",
			"resolved": "https://registry.npmjs.org/symbol-observable/-/symbol-observable-1.2.0.tgz",
			"integrity": "sha512-e900nM8RRtGhlV36KGEU9k65K3mPb1WV70OdjfxlG2EAuM1noi/E/BaW/uMhL7bPEssK8QV57vN3esixjUvcXQ=="
		},
		"symbol-tree": {
			"version": "3.2.2",
			"resolved": "https://registry.npmjs.org/symbol-tree/-/symbol-tree-3.2.2.tgz",
			"integrity": "sha1-rifbOPZgp64uHDt9G8KQgZuFGeY="
		},
		"tough-cookie": {
			"version": "2.3.4",
			"resolved": "https://registry.npmjs.org/tough-cookie/-/tough-cookie-2.3.4.tgz",
			"integrity": "sha512-TZ6TTfI5NtZnuyy/Kecv+CnoROnyXn2DN97LontgQpCwsX2XyLYCC0ENhYkehSOwAp8rTQKc/NUIF7BkQ5rKLA==",
			"requires": {
				"punycode": "1.4.1"
			}
		},
		"tr46": {
			"version": "1.0.1",
			"resolved": "https://registry.npmjs.org/tr46/-/tr46-1.0.1.tgz",
			"integrity": "sha1-qLE/1r/SSJUZZ0zN5VujaTtwbQk=",
			"requires": {
				"punycode": "2.1.0"
			},
			"dependencies": {
				"punycode": {
					"version": "2.1.0",
					"resolved": "https://registry.npmjs.org/punycode/-/punycode-2.1.0.tgz",
					"integrity": "sha1-X4Y+3Im5bbCQdLrXlHvwkFbKTn0="
				}
			}
		},
		"tunnel-agent": {
			"version": "0.6.0",
			"resolved": "https://registry.npmjs.org/tunnel-agent/-/tunnel-agent-0.6.0.tgz",
			"integrity": "sha1-J6XeoGs2sEoKmWZ3SykIaPD8QP0=",
			"requires": {
				"safe-buffer": "5.1.1"
			}
		},
		"tweetnacl": {
			"version": "0.14.5",
			"resolved": "https://registry.npmjs.org/tweetnacl/-/tweetnacl-0.14.5.tgz",
			"integrity": "sha1-WuaBd/GS1EViadEIr6k/+HQ/T2Q=",
			"optional": true
		},
		"type-check": {
			"version": "0.3.2",
			"resolved": "https://registry.npmjs.org/type-check/-/type-check-0.3.2.tgz",
			"integrity": "sha1-WITKtRLPHTVeP7eE8wgEsrUg23I=",
			"requires": {
				"prelude-ls": "1.1.2"
			}
		},
		"ua-parser-js": {
			"version": "0.7.17",
			"resolved": "https://registry.npmjs.org/ua-parser-js/-/ua-parser-js-0.7.17.tgz",
			"integrity": "sha512-uRdSdu1oA1rncCQL7sCj8vSyZkgtL7faaw9Tc9rZ3mGgraQ7+Pdx7w5mnOSF3gw9ZNG6oc+KXfkon3bKuROm0g=="
		},
		"uri-js": {
			"version": "3.0.2",
			"resolved": "https://registry.npmjs.org/uri-js/-/uri-js-3.0.2.tgz",
			"integrity": "sha1-+QuFhQf4HepNz7s8TD2/orVX+qo=",
			"requires": {
				"punycode": "2.1.0"
			},
			"dependencies": {
				"punycode": {
					"version": "2.1.0",
					"resolved": "https://registry.npmjs.org/punycode/-/punycode-2.1.0.tgz",
					"integrity": "sha1-X4Y+3Im5bbCQdLrXlHvwkFbKTn0="
				}
			}
		},
		"util-deprecate": {
			"version": "1.0.2",
			"resolved": "https://registry.npmjs.org/util-deprecate/-/util-deprecate-1.0.2.tgz",
			"integrity": "sha1-RQ1Nyfpw3nMnYvvS1KKJgUGaDM8="
		},
		"uuid": {
			"version": "3.2.1",
			"resolved": "https://registry.npmjs.org/uuid/-/uuid-3.2.1.tgz",
			"integrity": "sha512-jZnMwlb9Iku/O3smGWvZhauCf6cvvpKi4BKRiliS3cxnI+Gz9j5MEpTz2UFuXiKPJocb7gnsLHwiS05ige5BEA=="
		},
		"verror": {
			"version": "1.10.0",
			"resolved": "https://registry.npmjs.org/verror/-/verror-1.10.0.tgz",
			"integrity": "sha1-OhBcoXBTr1XW4nDB+CiGguGNpAA=",
			"requires": {
				"assert-plus": "1.0.0",
				"core-util-is": "1.0.2",
				"extsprintf": "1.3.0"
			}
		},
		"w3c-hr-time": {
			"version": "1.0.1",
			"resolved": "https://registry.npmjs.org/w3c-hr-time/-/w3c-hr-time-1.0.1.tgz",
			"integrity": "sha1-gqwr/2PZUOqeMYmlimViX+3xkEU=",
			"requires": {
				"browser-process-hrtime": "0.1.2"
			}
		},
		"webidl-conversions": {
			"version": "4.0.2",
			"resolved": "https://registry.npmjs.org/webidl-conversions/-/webidl-conversions-4.0.2.tgz",
			"integrity": "sha512-YQ+BmxuTgd6UXZW3+ICGfyqRyHXVlD5GtQr5+qjiNW7bF0cqrzX500HVXPBOvgXb5YnzDd+h0zqyv61KUD7+Sg=="
		},
		"whatwg-encoding": {
			"version": "1.0.3",
			"resolved": "https://registry.npmjs.org/whatwg-encoding/-/whatwg-encoding-1.0.3.tgz",
			"integrity": "sha512-jLBwwKUhi8WtBfsMQlL4bUUcT8sMkAtQinscJAe/M4KHCkHuUJAF6vuB0tueNIw4c8ziO6AkRmgY+jL3a0iiPw==",
			"requires": {
				"iconv-lite": "0.4.19"
			}
		},
		"whatwg-fetch": {
			"version": "2.0.3",
			"resolved": "https://registry.npmjs.org/whatwg-fetch/-/whatwg-fetch-2.0.3.tgz",
			"integrity": "sha1-nITsLc9oGH/wC8ZOEnS0QhduHIQ="
		},
		"whatwg-url": {
			"version": "6.4.0",
			"resolved": "https://registry.npmjs.org/whatwg-url/-/whatwg-url-6.4.0.tgz",
			"integrity": "sha512-Z0CVh/YE217Foyb488eo+iBv+r7eAQ0wSTyApi9n06jhcA3z6Nidg/EGvl0UFkg7kMdKxfBzzr+o9JF+cevgMg==",
			"requires": {
				"lodash.sortby": "4.7.0",
				"tr46": "1.0.1",
				"webidl-conversions": "4.0.2"
			}
		},
		"wordwrap": {
			"version": "1.0.0",
			"resolved": "https://registry.npmjs.org/wordwrap/-/wordwrap-1.0.0.tgz",
			"integrity": "sha1-J1hIEIkUVqQXHI0CJkQa3pDLyus="
		},
		"ws": {
			"version": "4.1.0",
			"resolved": "https://registry.npmjs.org/ws/-/ws-4.1.0.tgz",
			"integrity": "sha512-ZGh/8kF9rrRNffkLFV4AzhvooEclrOH0xaugmqGsIfFgOE/pIz4fMc4Ef+5HSQqTEug2S9JZIWDR47duDSLfaA==",
			"requires": {
				"async-limiter": "1.0.0",
				"safe-buffer": "5.1.1"
			}
		},
		"xml-name-validator": {
			"version": "3.0.0",
			"resolved": "https://registry.npmjs.org/xml-name-validator/-/xml-name-validator-3.0.0.tgz",
			"integrity": "sha512-A5CUptxDsvxKJEU3yO6DuWBSJz/qizqzJKOMIfUJHETbBw/sFaDxgd6fxm1ewUaM0jZ444Fc5vC5ROYurg/4Pw=="
		}
	}
}
