{
	"requires": true,
	"lockfileVersion": 1,
	"dependencies": {
		"@types/cheerio": {
			"version": "0.22.11",
			"resolved": "https://registry.npmjs.org/@types/cheerio/-/cheerio-0.22.11.tgz",
			"integrity": "sha512-x0X3kPbholdJZng9wDMhb2swvUi3UYRNAuWAmIPIWlfgAJZp//cql/qblE7181Mg7SjWVwq6ldCPCLn5AY/e7w==",
			"requires": {
				"@types/node": "*"
			}
		},
		"@types/enzyme": {
			"version": "3.9.1",
			"resolved": "https://registry.npmjs.org/@types/enzyme/-/enzyme-3.9.1.tgz",
			"integrity": "sha512-CasnOP73BFE3/5JvGkod+oQtGOD1+CVWz9BV2iAqDFJ+sofL5gTiizSr8ZM3lpDY27ptC8yjAdrUCdv8diKKqw==",
			"requires": {
				"@types/cheerio": "*",
				"@types/react": "*"
			}
		},
		"@types/enzyme-adapter-react-16": {
			"version": "1.0.5",
			"resolved": "https://registry.npmjs.org/@types/enzyme-adapter-react-16/-/enzyme-adapter-react-16-1.0.5.tgz",
			"integrity": "sha512-K7HLFTkBDN5RyRmU90JuYt8OWEY2iKUn43SDWEoBOXd/PowUWjLZ3Q6qMBiQuZeFYK/TOstaZxsnI0fXoAfLpg==",
			"requires": {
				"@types/enzyme": "*"
			}
		},
		"@types/node": {
			"version": "11.11.0",
			"resolved": "https://registry.npmjs.org/@types/node/-/node-11.11.0.tgz",
			"integrity": "sha512-D5Rt+HXgEywr3RQJcGlZUCTCx1qVbCZpVk3/tOOA6spLNZdGm8BU+zRgdRYDoF1pO3RuXLxADzMrF903JlQXqg=="
		},
		"@types/prop-types": {
			"version": "15.7.0",
			"resolved": "https://registry.npmjs.org/@types/prop-types/-/prop-types-15.7.0.tgz",
			"integrity": "sha512-eItQyV43bj4rR3JPV0Skpl1SncRCdziTEK9/v8VwXmV6d/qOUO8/EuWeHBbCZcsfSHfzI5UyMJLCSXtxxznyZg=="
		},
		"@types/react": {
			"version": "16.8.7",
			"resolved": "https://registry.npmjs.org/@types/react/-/react-16.8.7.tgz",
			"integrity": "sha512-0xbkIyrDNKUn4IJVf8JaCn+ucao/cq6ZB8O6kSzhrJub1cVSqgTArtG0qCfdERWKMEIvUbrwLXeQMqWEsyr9dA==",
			"requires": {
				"@types/prop-types": "*",
				"csstype": "^2.2.0"
			}
		},
		"csstype": {
			"version": "2.6.3",
			"resolved": "https://registry.npmjs.org/csstype/-/csstype-2.6.3.tgz",
			"integrity": "sha512-rINUZXOkcBmoHWEyu7JdHu5JMzkGRoMX4ov9830WNgxf5UYxcBUO0QTKAqeJ5EZfSdlrcJYkC8WwfVW7JYi4yg=="
		}
	}
}
