{
	"requires": true,
	"lockfileVersion": 1,
	"dependencies": {
		"@angular/common": {
			"version": "5.2.3",
			"resolved": "https://registry.npmjs.org/@angular/common/-/common-5.2.3.tgz",
			"integrity": "sha512-RwQ/IjmpDdMecTz/wwQlKpHgF4Crr8kyqV9FJ+c+cHR8Riqlu2DOXSU7LIfDdGoo6Mpixdxd1rtHYfs7l9YBSA==",
			"requires": {
				"tslib": "1.9.0"
			}
		},
		"@angular/core": {
			"version": "5.2.3",
			"resolved": "https://registry.npmjs.org/@angular/core/-/core-5.2.3.tgz",
			"integrity": "sha512-tL9O8KA6KGjnlxqjuTytpC2OeKbxe/yHev0kmwo5CK0lDZU4UFetcItAzUXU1dyRuILTcBkbnFt9+nr1SZs/cQ==",
			"requires": {
				"tslib": "1.9.0"
			}
		},
		"tslib": {
			"version": "1.9.0",
			"resolved": "https://registry.npmjs.org/tslib/-/tslib-1.9.0.tgz",
			"integrity": "sha512-f/qGG2tUkrISBlQZEjEqoZ3B2+npJjIf04H1wuAv9iA8i04Icp+61KRXxFdha22670NJopsZCIjhC3SnjPRKrQ=="
		}
	}
}
