{
	"requires": true,
	"lockfileVersion": 1,
	"dependencies": {
		"asynckit": {
			"version": "0.4.0",
			"resolved": "https://registry.npmjs.org/asynckit/-/asynckit-0.4.0.tgz",
			"integrity": "sha1-x57Zf380y48robyXkLzDZkdLS3k="
		},
		"combined-stream": {
			"version": "1.0.6",
			"resolved": "https://registry.npmjs.org/combined-stream/-/combined-stream-1.0.6.tgz",
			"integrity": "sha1-cj599ugBrFYTETp+RFqbactjKBg=",
			"requires": {
				"delayed-stream": "~1.0.0"
			}
		},
		"core-util-is": {
			"version": "1.0.2",
			"resolved": "https://registry.npmjs.org/core-util-is/-/core-util-is-1.0.2.tgz",
			"integrity": "sha1-tf1UIgqivFq1eqtxQMlAdUUDwac="
		},
		"delayed-stream": {
			"version": "1.0.0",
			"resolved": "https://registry.npmjs.org/delayed-stream/-/delayed-stream-1.0.0.tgz",
			"integrity": "sha1-3zrhmayt+31ECqrgsp4icrJOxhk="
		},
		"extend": {
			"version": "3.0.1",
			"resolved": "https://registry.npmjs.org/extend/-/extend-3.0.1.tgz",
			"integrity": "sha1-p1Xqe8Gt/MWjHOfnYtuq3F5jZEQ="
		},
		"form-data": {
			"version": "2.3.2",
			"resolved": "https://registry.npmjs.org/form-data/-/form-data-2.3.2.tgz",
			"integrity": "sha1-SXBJi+YEwgwAXU9cI67NIda0kJk=",
			"requires": {
				"asynckit": "^0.4.0",
				"combined-stream": "1.0.6",
				"mime-types": "^2.1.12"
			}
		},
		"json-refs": {
			"version": "3.0.4",
			"resolved": "https://registry.npmjs.org/json-refs/-/json-refs-3.0.4.tgz",
			"integrity": "sha512-UFnB5j1C7XrUWQIlFGrjerFVuc04TZAyoEavfb0VofdjguWWN97aCtWsv1uX6pXylJiLw+agsyTPCnNjL6W4ag==",
			"requires": {
				"commander": "~2.11.0",
				"graphlib": "^2.1.1",
				"js-yaml": "^3.10.0",
				"lodash": "^4.17.4",
				"native-promise-only": "^0.8.1",
				"path-loader": "^1.0.4",
				"slash": "^1.0.0",
				"uri-js": "^3.0.2"
			},
			"dependencies": {
				"argparse": {
					"version": "1.0.10",
					"resolved": "https://registry.npmjs.org/argparse/-/argparse-1.0.10.tgz",
					"integrity": "sha512-o5Roy6tNG4SL/FOkCAN6RzjiakZS25RLYFrcMttJqbdd8BWrnA+fGz57iN5Pb06pvBGvl5gQ0B48dJlslXvoTg==",
					"requires": {
						"sprintf-js": "~1.0.2"
					}
				},
				"commander": {
					"version": "2.11.0",
					"resolved": "https://registry.npmjs.org/commander/-/commander-2.11.0.tgz",
					"integrity": "sha512-b0553uYA5YAEGgyYIGYROzKQ7X5RAqedkfjiZxwi0kL1g3bOaBNNZfYkzt/CL0umgD5wc9Jec2FbB98CjkMRvQ=="
				},
				"component-emitter": {
					"version": "1.2.1",
					"resolved": "https://registry.npmjs.org/component-emitter/-/component-emitter-1.2.1.tgz",
					"integrity": "sha1-E3kY1teCg/ffemt8WmPhQOaUJeY="
				},
				"cookiejar": {
					"version": "2.1.1",
					"resolved": "https://registry.npmjs.org/cookiejar/-/cookiejar-2.1.1.tgz",
					"integrity": "sha1-Qa1XsbVVlR7BcUEqgZQrHoIA00o="
				},
				"debug": {
					"version": "3.1.0",
					"resolved": "https://registry.npmjs.org/debug/-/debug-3.1.0.tgz",
					"integrity": "sha512-OX8XqP7/1a9cqkxYw2yXss15f26NKWBpDXQd0/uK/KPqdQhxbPa994hnzjcE2VqQpDslf55723cKPUOGSmMY3g==",
					"requires": {
						"ms": "2.0.0"
					}
				},
				"esprima": {
					"version": "4.0.0",
					"resolved": "https://registry.npmjs.org/esprima/-/esprima-4.0.0.tgz",
					"integrity": "sha512-oftTcaMu/EGrEIu904mWteKIv8vMuOgGYo7EhVJJN00R/EED9DCua/xxHRdYnKtcECzVg7xOWhflvJMnqcFZjw=="
				},
				"formidable": {
					"version": "1.2.1",
					"resolved": "https://registry.npmjs.org/formidable/-/formidable-1.2.1.tgz",
					"integrity": "sha512-Fs9VRguL0gqGHkXS5GQiMCr1VhZBxz0JnJs4JmMp/2jL18Fmbzvv7vOFRU+U8TBkHEE/CX1qDXzJplVULgsLeg=="
				},
				"graphlib": {
					"version": "2.1.5",
					"resolved": "https://registry.npmjs.org/graphlib/-/graphlib-2.1.5.tgz",
					"integrity": "sha512-XvtbqCcw+EM5SqQrIetIKKD+uZVNQtDPD1goIg7K73RuRZtVI5rYMdcCVSHm/AS1sCBZ7vt0p5WgXouucHQaOA==",
					"requires": {
						"lodash": "^4.11.1"
					}
				},
				"inherits": {
					"version": "2.0.3",
					"resolved": "https://registry.npmjs.org/inherits/-/inherits-2.0.3.tgz",
					"integrity": "sha1-Yzwsg+PaQqUC9SRmAiSA9CCCYd4="
				},
				"isarray": {
					"version": "1.0.0",
					"resolved": "https://registry.npmjs.org/isarray/-/isarray-1.0.0.tgz",
					"integrity": "sha1-u5NdSFgsuhaMBoNJV6VKPgcSTxE="
				},
				"js-yaml": {
					"version": "3.11.0",
					"resolved": "https://registry.npmjs.org/js-yaml/-/js-yaml-3.11.0.tgz",
					"integrity": "sha512-saJstZWv7oNeOyBh3+Dx1qWzhW0+e6/8eDzo7p5rDFqxntSztloLtuKu+Ejhtq82jsilwOIZYsCz+lIjthg1Hw==",
					"requires": {
						"argparse": "^1.0.7",
						"esprima": "^4.0.0"
					}
				},
				"methods": {
					"version": "1.1.2",
					"resolved": "https://registry.npmjs.org/methods/-/methods-1.1.2.tgz",
					"integrity": "sha1-VSmk1nZUE07cxSZmVoNbD4Ua/O4="
				},
				"mime": {
					"version": "1.6.0",
					"resolved": "https://registry.npmjs.org/mime/-/mime-1.6.0.tgz",
					"integrity": "sha512-x0Vn8spI+wuJ1O6S7gnbaQg8Pxh4NNHb7KSINmEWKiPE4RKOplvijn+NkmYmmRgP68mc70j2EbeTFRsrswaQeg=="
				},
				"ms": {
					"version": "2.0.0",
					"resolved": "https://registry.npmjs.org/ms/-/ms-2.0.0.tgz",
					"integrity": "sha1-VgiurfwAvmwpAd9fmGF4jeDVl8g="
				},
				"native-promise-only": {
					"version": "0.8.1",
					"resolved": "https://registry.npmjs.org/native-promise-only/-/native-promise-only-0.8.1.tgz",
					"integrity": "sha1-IKMYwwy0X3H+et+/eyHJnBRy7xE="
				},
				"path-loader": {
					"version": "1.0.4",
					"resolved": "https://registry.npmjs.org/path-loader/-/path-loader-1.0.4.tgz",
					"integrity": "sha512-k/IPo9OWyofATP5gwIehHHQoFShS37zsSIsejKe6fjI+tqK+FnRpiSg4ZfWUpxb0g2PfCreWPqBD4ayjqjqkdQ==",
					"requires": {
						"native-promise-only": "^0.8.1",
						"superagent": "^3.6.3"
					}
				},
				"process-nextick-args": {
					"version": "2.0.0",
					"resolved": "https://registry.npmjs.org/process-nextick-args/-/process-nextick-args-2.0.0.tgz",
					"integrity": "sha512-MtEC1TqN0EU5nephaJ4rAtThHtC86dNN9qCuEhtshvpVBkAW5ZO7BASN9REnF9eoXGcRub+pFuKEpOHE+HbEMw=="
				},
				"readable-stream": {
					"version": "2.3.6",
					"resolved": "https://registry.npmjs.org/readable-stream/-/readable-stream-2.3.6.tgz",
					"integrity": "sha512-tQtKA9WIAhBF3+VLAseyMqZeBjW0AHJoxOtYqSUZNJxauErmLbVm2FW1y+J/YA9dUrAC39ITejlZWhVIwawkKw==",
					"requires": {
						"core-util-is": "~1.0.0",
						"inherits": "~2.0.3",
						"isarray": "~1.0.0",
						"process-nextick-args": "~2.0.0",
						"safe-buffer": "~5.1.1",
						"string_decoder": "~1.1.1",
						"util-deprecate": "~1.0.1"
					}
				},
				"slash": {
					"version": "1.0.0",
					"resolved": "https://registry.npmjs.org/slash/-/slash-1.0.0.tgz",
					"integrity": "sha1-xB8vbDn8FtHNF61LXYlhFK5HDVU="
				},
				"sprintf-js": {
					"version": "1.0.3",
					"resolved": "https://registry.npmjs.org/sprintf-js/-/sprintf-js-1.0.3.tgz",
					"integrity": "sha1-BOaSb2YolTVPPdAVIDYzuFcpfiw="
				},
				"string_decoder": {
					"version": "1.1.1",
					"resolved": "https://registry.npmjs.org/string_decoder/-/string_decoder-1.1.1.tgz",
					"integrity": "sha512-n/ShnvDi6FHbbVfviro+WojiFzv+s8MPMHBczVePfUpDJLwoLT0ht1l4YwBCbi8pJAveEEdnkHyPyTP/mzRfwg==",
					"requires": {
						"safe-buffer": "~5.1.0"
					}
				},
				"superagent": {
					"version": "3.8.3",
					"resolved": "https://registry.npmjs.org/superagent/-/superagent-3.8.3.tgz",
					"integrity": "sha512-GLQtLMCoEIK4eDv6OGtkOoSMt3D+oq0y3dsxMuYuDvaNUvuT8eFBuLmfR0iYYzHC1e8hpzC6ZsxbuP6DIalMFA==",
					"requires": {
						"component-emitter": "^1.2.0",
						"cookiejar": "^2.1.0",
						"debug": "^3.1.0",
						"extend": "^3.0.0",
						"form-data": "^2.3.1",
						"formidable": "^1.2.0",
						"methods": "^1.1.1",
						"mime": "^1.4.1",
						"qs": "^6.5.1",
						"readable-stream": "^2.3.5"
					}
				},
				"uri-js": {
					"version": "3.0.2",
					"resolved": "https://registry.npmjs.org/uri-js/-/uri-js-3.0.2.tgz",
					"integrity": "sha1-+QuFhQf4HepNz7s8TD2/orVX+qo=",
					"requires": {
						"punycode": "^2.1.0"
					}
				},
				"util-deprecate": {
					"version": "1.0.2",
					"resolved": "https://registry.npmjs.org/util-deprecate/-/util-deprecate-1.0.2.tgz",
					"integrity": "sha1-RQ1Nyfpw3nMnYvvS1KKJgUGaDM8="
				}
			}
		},
		"lodash": {
			"version": "4.17.4",
			"resolved": "https://registry.npmjs.org/lodash/-/lodash-4.17.4.tgz",
			"integrity": "sha1-eCA6TRwyiuHYbcpkYONptX9AVa4="
		},
		"mime-db": {
			"version": "1.33.0",
			"resolved": "https://registry.npmjs.org/mime-db/-/mime-db-1.33.0.tgz",
			"integrity": "sha512-BHJ/EKruNIqJf/QahvxwQZXKygOQ256myeN/Ew+THcAa5q+PjyTTMMeNQC4DZw5AwfvelsUrA6B67NKMqXDbzQ=="
		},
		"mime-types": {
			"version": "2.1.18",
			"resolved": "https://registry.npmjs.org/mime-types/-/mime-types-2.1.18.tgz",
			"integrity": "sha512-lc/aahn+t4/SWV/qcmumYjymLsWfN3ELhpmVuUFjgsORruuZPVSwAQryq+HHGvO/SI2KVX26bx+En+zhM8g8hQ==",
			"requires": {
				"mime-db": "~1.33.0"
			}
		},
		"punycode": {
			"version": "2.1.0",
			"resolved": "https://registry.npmjs.org/punycode/-/punycode-2.1.0.tgz",
			"integrity": "sha1-X4Y+3Im5bbCQdLrXlHvwkFbKTn0="
		},
		"qs": {
			"version": "6.5.1",
			"resolved": "https://registry.npmjs.org/qs/-/qs-6.5.1.tgz",
			"integrity": "sha512-eRzhrN1WSINYCDCbrz796z37LOe3m5tmW7RQf6oBntukAG1nmovJvhnwHHRMAfeoItc1m2Hk02WER2aQ/iqs+A=="
		},
		"safe-buffer": {
			"version": "5.1.2",
			"resolved": "https://registry.npmjs.org/safe-buffer/-/safe-buffer-5.1.2.tgz",
			"integrity": "sha512-Gd2UZBJDkXlY7GbJxfsE8/nvKkUEU1G38c1siN6QP6a9PT9MmHB8GnpscSmMJSoF8LOIrt8ud/wPtojys4G6+g=="
		},
		"uuid": {
			"version": "3.2.1",
			"resolved": "https://registry.npmjs.org/uuid/-/uuid-3.2.1.tgz",
			"integrity": "sha512-jZnMwlb9Iku/O3smGWvZhauCf6cvvpKi4BKRiliS3cxnI+Gz9j5MEpTz2UFuXiKPJocb7gnsLHwiS05ige5BEA=="
		}
	}
}
